
Microsoft Visual Studio Solution File, Format Version 12.00
# Visual Studio Version 17
VisualStudioVersion = 17.8.34316.72
MinimumVisualStudioVersion = 10.0.40219.1
Project("{9A19103F-16F7-4668-BE54-9A1E7A4F7556}") = "Shopping List Project", "Shopping List Project\Shopping List Project.csproj", "{EE593D71-B989-4737-82D7-C653A0650993}"
EndProject
Project("{FAE04EC0-301F-11D3-BF4B-00C04F79EFBC}") = "ShoppingLibrary", "ShoppingLibrary\ShoppingLibrary.csproj", "{EFE15D3D-8106-4162-91C2-3DC31D83580F}"
EndProject
Global
	GlobalSection(SolutionConfigurationPlatforms) = preSolution
		Debug|Any CPU = Debug|Any CPU
		Release|Any CPU = Release|Any CPU
	EndGlobalSection
	GlobalSection(ProjectConfigurationPlatforms) = postSolution
		{EE593D71-B989-4737-82D7-C653A0650993}.Debug|Any CPU.ActiveCfg = Debug|Any CPU
		{EE593D71-B989-4737-82D7-C653A0650993}.Debug|Any CPU.Build.0 = Debug|Any CPU
		{EE593D71-B989-4737-82D7-C653A0650993}.Release|Any CPU.ActiveCfg = Release|Any CPU
		{EE593D71-B989-4737-82D7-C653A0650993}.Release|Any CPU.Build.0 = Release|Any CPU
		{EFE15D3D-8106-4162-91C2-3DC31D83580F}.Debug|Any CPU.ActiveCfg = Debug|Any CPU
		{EFE15D3D-8106-4162-91C2-3DC31D83580F}.Debug|Any CPU.Build.0 = Debug|Any CPU
		{EFE15D3D-8106-4162-91C2-3DC31D83580F}.Release|Any CPU.ActiveCfg = Release|Any CPU
		{EFE15D3D-8106-4162-91C2-3DC31D83580F}.Release|Any CPU.Build.0 = Release|Any CPU
	EndGlobalSection
	GlobalSection(SolutionProperties) = preSolution
		HideSolutionNode = FALSE
	EndGlobalSection
	GlobalSection(ExtensibilityGlobals) = postSolution
		SolutionGuid = {0AD14414-7599-4CD2-B308-B0EF493CDFCD}
	EndGlobalSection
EndGlobal
